
Microsoft Visual Studio Solution File, Format Version 12.00
# Visual Studio Version 17
VisualStudioVersion = 17.6.33712.159
MinimumVisualStudioVersion = 10.0.40219.1
Project("{FAE04EC0-301F-11D3-BF4B-00C04F79EFBC}") = "ASP.NET core Beauty system", "ASP.NET core Beauty system.csproj", "{0B46307D-5E01-4244-8BA0-D799E99EBA89}"
EndProject
Project("{FAE04EC0-301F-11D3-BF4B-00C04F79EFBC}") = "BLL", "..\BLL\BLL.csproj", "{D53C075B-D46F-42EB-9EB7-9F568D7041D0}"
EndProject
Project("{FAE04EC0-301F-11D3-BF4B-00C04F79EFBC}") = "DAL", "..\DAL\DAL.csproj", "{17445414-F16F-4B28-A4B7-709FAF10E57E}"
EndProject
Project("{FAE04EC0-301F-11D3-BF4B-00C04F79EFBC}") = "Model", "..\Model\Model.csproj", "{52FE4196-950C-4F2E-B427-BD29DD620910}"
EndProject
Project("{FAE04EC0-301F-11D3-BF4B-00C04F79EFBC}") = "Common", "..\Common\Common.csproj", "{9BDD0DF7-DF64-4092-8845-FA26A5CEBB4C}"
EndProject
Global
	GlobalSection(SolutionConfigurationPlatforms) = preSolution
		Debug|Any CPU = Debug|Any CPU
		Release|Any CPU = Release|Any CPU
	EndGlobalSection
	GlobalSection(ProjectConfigurationPlatforms) = postSolution
		{0B46307D-5E01-4244-8BA0-D799E99EBA89}.Debug|Any CPU.ActiveCfg = Debug|Any CPU
		{0B46307D-5E01-4244-8BA0-D799E99EBA89}.Debug|Any CPU.Build.0 = Debug|Any CPU
		{0B46307D-5E01-4244-8BA0-D799E99EBA89}.Release|Any CPU.ActiveCfg = Release|Any CPU
		{0B46307D-5E01-4244-8BA0-D799E99EBA89}.Release|Any CPU.Build.0 = Release|Any CPU
		{D53C075B-D46F-42EB-9EB7-9F568D7041D0}.Debug|Any CPU.ActiveCfg = Debug|Any CPU
		{D53C075B-D46F-42EB-9EB7-9F568D7041D0}.Debug|Any CPU.Build.0 = Debug|Any CPU
		{D53C075B-D46F-42EB-9EB7-9F568D7041D0}.Release|Any CPU.ActiveCfg = Release|Any CPU
		{D53C075B-D46F-42EB-9EB7-9F568D7041D0}.Release|Any CPU.Build.0 = Release|Any CPU
		{17445414-F16F-4B28-A4B7-709FAF10E57E}.Debug|Any CPU.ActiveCfg = Debug|Any CPU
		{17445414-F16F-4B28-A4B7-709FAF10E57E}.Debug|Any CPU.Build.0 = Debug|Any CPU
		{17445414-F16F-4B28-A4B7-709FAF10E57E}.Release|Any CPU.ActiveCfg = Release|Any CPU
		{17445414-F16F-4B28-A4B7-709FAF10E57E}.Release|Any CPU.Build.0 = Release|Any CPU
		{52FE4196-950C-4F2E-B427-BD29DD620910}.Debug|Any CPU.ActiveCfg = Debug|Any CPU
		{52FE4196-950C-4F2E-B427-BD29DD620910}.Debug|Any CPU.Build.0 = Debug|Any CPU
		{52FE4196-950C-4F2E-B427-BD29DD620910}.Release|Any CPU.ActiveCfg = Release|Any CPU
		{52FE4196-950C-4F2E-B427-BD29DD620910}.Release|Any CPU.Build.0 = Release|Any CPU
		{9BDD0DF7-DF64-4092-8845-FA26A5CEBB4C}.Debug|Any CPU.ActiveCfg = Debug|Any CPU
		{9BDD0DF7-DF64-4092-8845-FA26A5CEBB4C}.Debug|Any CPU.Build.0 = Debug|Any CPU
		{9BDD0DF7-DF64-4092-8845-FA26A5CEBB4C}.Release|Any CPU.ActiveCfg = Release|Any CPU
		{9BDD0DF7-DF64-4092-8845-FA26A5CEBB4C}.Release|Any CPU.Build.0 = Release|Any CPU
	EndGlobalSection
	GlobalSection(SolutionProperties) = preSolution
		HideSolutionNode = FALSE
	EndGlobalSection
	GlobalSection(ExtensibilityGlobals) = postSolution
		SolutionGuid = {9430F698-CCC2-4641-9387-AE625B1E08C4}
	EndGlobalSection
EndGlobal
